// !$*UTF8*$!
{
	archiveVersion = 1;
	classes = {
	};
	objectVersion = 50;
	objects = {

/* Begin PBXBuildFile section */
		117CFF5E22A8643900FDA9DA /* AppDelegate.swift in Sources */ = {isa = PBXBuildFile; fileRef = 117CFF5D22A8643900FDA9DA /* AppDelegate.swift */; };
		117CFF6022A8643900FDA9DA /* ViewController.swift in Sources */ = {isa = PBXBuildFile; fileRef = 117CFF5F22A8643900FDA9DA /* ViewController.swift */; };
		117CFF6322A8643900FDA9DA /* Main.storyboard in Resources */ = {isa = PBXBuildFile; fileRef = 117CFF6122A8643900FDA9DA /* Main.storyboard */; };
		117CFF6522A8643A00FDA9DA /* Assets.xcassets in Resources */ = {isa = PBXBuildFile; fileRef = 117CFF6422A8643A00FDA9DA /* Assets.xcassets */; };
		117CFF6822A8643A00FDA9DA /* LaunchScreen.storyboard in Resources */ = {isa = PBXBuildFile; fileRef = 117CFF6622A8643A00FDA9DA /* LaunchScreen.storyboard */; };
		139A2D4622C5044F00337E52 /* ViewControllerExtention.swift in Sources */ = {isa = PBXBuildFile; fileRef = 139A2D4522C5044F00337E52 /* ViewControllerExtention.swift */; };
		730BACCA22C4AF250082FC85 /* NavigationViewController.swift in Sources */ = {isa = PBXBuildFile; fileRef = 730BACC922C4AF250082FC85 /* NavigationViewController.swift */; };
		730BACCD22C4B1900082FC85 /* Timer.swift in Sources */ = {isa = PBXBuildFile; fileRef = 730BACCC22C4B1900082FC85 /* Timer.swift */; };
		730BACCF22C4B5810082FC85 /* Sorting.swift in Sources */ = {isa = PBXBuildFile; fileRef = 730BACCE22C4B5810082FC85 /* Sorting.swift */; };
		7325177E22C4F16E00B5C5FC /* Options.swift in Sources */ = {isa = PBXBuildFile; fileRef = 7325177D22C4F16E00B5C5FC /* Options.swift */; };
		7325178022C4F18900B5C5FC /* AccountView.swift in Sources */ = {isa = PBXBuildFile; fileRef = 7325177F22C4F18900B5C5FC /* AccountView.swift */; };
		7325178222C4F1B900B5C5FC /* TimesView.swift in Sources */ = {isa = PBXBuildFile; fileRef = 7325178122C4F1B900B5C5FC /* TimesView.swift */; };
		7325178422C5115600B5C5FC /* Menu.swift in Sources */ = {isa = PBXBuildFile; fileRef = 7325178322C5115600B5C5FC /* Menu.swift */; };
		7325178622C5178300B5C5FC /* Cells.swift in Sources */ = {isa = PBXBuildFile; fileRef = 7325178522C5178300B5C5FC /* Cells.swift */; };
		7338E9A222C6522900594121 /* Colors.swift in Sources */ = {isa = PBXBuildFile; fileRef = 7338E9A122C6522900594121 /* Colors.swift */; };
		7338E9A422C6527B00594121 /* MenuTabs.swift in Sources */ = {isa = PBXBuildFile; fileRef = 7338E9A322C6527B00594121 /* MenuTabs.swift */; };
		7338E9A622C68BF500594121 /* ResultsCell.swift in Sources */ = {isa = PBXBuildFile; fileRef = 7338E9A522C68BF500594121 /* ResultsCell.swift */; };
		7338E9A822C6C3F800594121 /* ImageResize.swift in Sources */ = {isa = PBXBuildFile; fileRef = 7338E9A722C6C3F800594121 /* ImageResize.swift */; };
		73A1D69822C798EB00915188 /* Circular.swift in Sources */ = {isa = PBXBuildFile; fileRef = 73A1D69722C798EB00915188 /* Circular.swift */; };
		73A1D69A22C7F67F00915188 /* reCoulour.swift in Sources */ = {isa = PBXBuildFile; fileRef = 73A1D69922C7F67F00915188 /* reCoulour.swift */; };
/* End PBXBuildFile section */

/* Begin PBXFileReference section */
		117CFF5A22A8643900FDA9DA /* Cubee.app */ = {isa = PBXFileReference; explicitFileType = wrapper.application; includeInIndex = 0; path = Cubee.app; sourceTree = BUILT_PRODUCTS_DIR; };
		117CFF5D22A8643900FDA9DA /* AppDelegate.swift */ = {isa = PBXFileReference; lastKnownFileType = sourcecode.swift; path = AppDelegate.swift; sourceTree = "<group>"; };
		117CFF5F22A8643900FDA9DA /* ViewController.swift */ = {isa = PBXFileReference; lastKnownFileType = sourcecode.swift; path = ViewController.swift; sourceTree = "<group>"; };
		117CFF6222A8643900FDA9DA /* Base */ = {isa = PBXFileReference; lastKnownFileType = file.storyboard; name = Base; path = Base.lproj/Main.storyboard; sourceTree = "<group>"; };
		117CFF6422A8643A00FDA9DA /* Assets.xcassets */ = {isa = PBXFileReference; lastKnownFileType = folder.assetcatalog; path = Assets.xcassets; sourceTree = "<group>"; };
		117CFF6722A8643A00FDA9DA /* Base */ = {isa = PBXFileReference; lastKnownFileType = file.storyboard; name = Base; path = Base.lproj/LaunchScreen.storyboard; sourceTree = "<group>"; };
		117CFF6922A8643A00FDA9DA /* Info.plist */ = {isa = PBXFileReference; lastKnownFileType = text.plist.xml; path = Info.plist; sourceTree = "<group>"; };
		139A2D4522C5044F00337E52 /* ViewControllerExtention.swift */ = {isa = PBXFileReference; lastKnownFileType = sourcecode.swift; path = ViewControllerExtention.swift; sourceTree = "<group>"; };
		730BACC922C4AF250082FC85 /* NavigationViewController.swift */ = {isa = PBXFileReference; lastKnownFileType = sourcecode.swift; path = NavigationViewController.swift; sourceTree = "<group>"; };
		730BACCC22C4B1900082FC85 /* Timer.swift */ = {isa = PBXFileReference; lastKnownFileType = sourcecode.swift; path = Timer.swift; sourceTree = "<group>"; };
		730BACCE22C4B5810082FC85 /* Sorting.swift */ = {isa = PBXFileReference; lastKnownFileType = sourcecode.swift; path = Sorting.swift; sourceTree = "<group>"; };
		7325177D22C4F16E00B5C5FC /* Options.swift */ = {isa = PBXFileReference; lastKnownFileType = sourcecode.swift; name = Options.swift; path = Cubee/Options.swift; sourceTree = SOURCE_ROOT; };
		7325177F22C4F18900B5C5FC /* AccountView.swift */ = {isa = PBXFileReference; lastKnownFileType = sourcecode.swift; name = AccountView.swift; path = Cubee/AccountView.swift; sourceTree = SOURCE_ROOT; };
		7325178122C4F1B900B5C5FC /* TimesView.swift */ = {isa = PBXFileReference; lastKnownFileType = sourcecode.swift; name = TimesView.swift; path = Cubee/TimesView.swift; sourceTree = SOURCE_ROOT; };
		7325178322C5115600B5C5FC /* Menu.swift */ = {isa = PBXFileReference; lastKnownFileType = sourcecode.swift; name = Menu.swift; path = Cubee/Menu.swift; sourceTree = SOURCE_ROOT; };
		7325178522C5178300B5C5FC /* Cells.swift */ = {isa = PBXFileReference; lastKnownFileType = sourcecode.swift; name = Cells.swift; path = Cubee/Cells.swift; sourceTree = SOURCE_ROOT; };
		7338E9A122C6522900594121 /* Colors.swift */ = {isa = PBXFileReference; lastKnownFileType = sourcecode.swift; path = Colors.swift; sourceTree = "<group>"; };
		7338E9A322C6527B00594121 /* MenuTabs.swift */ = {isa = PBXFileReference; lastKnownFileType = sourcecode.swift; name = MenuTabs.swift; path = Cubee/Views/MenuTabs.swift; sourceTree = SOURCE_ROOT; };
		7338E9A522C68BF500594121 /* ResultsCell.swift */ = {isa = PBXFileReference; lastKnownFileType = sourcecode.swift; path = ResultsCell.swift; sourceTree = "<group>"; };
		7338E9A722C6C3F800594121 /* ImageResize.swift */ = {isa = PBXFileReference; lastKnownFileType = sourcecode.swift; path = ImageResize.swift; sourceTree = "<group>"; };
		73A1D69722C798EB00915188 /* Circular.swift */ = {isa = PBXFileReference; lastKnownFileType = sourcecode.swift; path = Circular.swift; sourceTree = "<group>"; };
		73A1D69922C7F67F00915188 /* reCoulour.swift */ = {isa = PBXFileReference; lastKnownFileType = sourcecode.swift; path = reCoulour.swift; sourceTree = "<group>"; };
/* End PBXFileReference section */

/* Begin PBXFrameworksBuildPhase section */
		117CFF5722A8643900FDA9DA /* Frameworks */ = {
			isa = PBXFrameworksBuildPhase;
			buildActionMask = 2147483647;
			files = (
			);
			runOnlyForDeploymentPostprocessing = 0;
		};
/* End PBXFrameworksBuildPhase section */

/* Begin PBXGroup section */
		117CFF5122A8643900FDA9DA = {
			isa = PBXGroup;
			children = (
				117CFF5C22A8643900FDA9DA /* Cubee */,
				117CFF5B22A8643900FDA9DA /* Products */,
			);
			sourceTree = "<group>";
		};
		117CFF5B22A8643900FDA9DA /* Products */ = {
			isa = PBXGroup;
			children = (
				117CFF5A22A8643900FDA9DA /* Cubee.app */,
			);
			name = Products;
			sourceTree = "<group>";
		};
		117CFF5C22A8643900FDA9DA /* Cubee */ = {
			isa = PBXGroup;
			children = (
				730BACC822C4AE870082FC85 /* Views */,
				735B16AF22C3EAEE00586180 /* Options */,
				735B16AE22C3EAD600586180 /* Account */,
				735B16AD22C3EAC300586180 /* Main Screen */,
				735B16AB22C3EA8E00586180 /* Cubes */,
				735B16AA22C3EA8900586180 /* Timer */,
				730BACCB22C4AF890082FC85 /* Sorting Algorithm */,
				117CFF5D22A8643900FDA9DA /* AppDelegate.swift */,
				117CFF5F22A8643900FDA9DA /* ViewController.swift */,
				117CFF6122A8643900FDA9DA /* Main.storyboard */,
				117CFF6422A8643A00FDA9DA /* Assets.xcassets */,
				117CFF6622A8643A00FDA9DA /* LaunchScreen.storyboard */,
				117CFF6922A8643A00FDA9DA /* Info.plist */,
			);
			path = Cubee;
			sourceTree = "<group>";
		};
		730BACC822C4AE870082FC85 /* Views */ = {
			isa = PBXGroup;
			children = (
				730BACC922C4AF250082FC85 /* NavigationViewController.swift */,
				139A2D4522C5044F00337E52 /* ViewControllerExtention.swift */,
				7338E9A122C6522900594121 /* Colors.swift */,
				7338E9A722C6C3F800594121 /* ImageResize.swift */,
				73A1D69722C798EB00915188 /* Circular.swift */,
				73A1D69922C7F67F00915188 /* reCoulour.swift */,
			);
			path = Views;
			sourceTree = "<group>";
		};
		730BACCB22C4AF890082FC85 /* Sorting Algorithm */ = {
			isa = PBXGroup;
			children = (
				730BACCE22C4B5810082FC85 /* Sorting.swift */,
			);
			path = "Sorting Algorithm";
			sourceTree = "<group>";
		};
		735B16AA22C3EA8900586180 /* Timer */ = {
			isa = PBXGroup;
			children = (
				730BACCC22C4B1900082FC85 /* Timer.swift */,
			);
			path = Timer;
			sourceTree = "<group>";
		};
		735B16AB22C3EA8E00586180 /* Cubes */ = {
			isa = PBXGroup;
			children = (
			);
			path = Cubes;
			sourceTree = "<group>";
		};
		735B16AD22C3EAC300586180 /* Main Screen */ = {
			isa = PBXGroup;
			children = (
				7325178322C5115600B5C5FC /* Menu.swift */,
				7338E9A322C6527B00594121 /* MenuTabs.swift */,
				7325178522C5178300B5C5FC /* Cells.swift */,
			);
			path = "Main Screen";
			sourceTree = "<group>";
		};
		735B16AE22C3EAD600586180 /* Account */ = {
			isa = PBXGroup;
			children = (
				7325177F22C4F18900B5C5FC /* AccountView.swift */,
				7325178122C4F1B900B5C5FC /* TimesView.swift */,
				7338E9A522C68BF500594121 /* ResultsCell.swift */,
			);
			path = Account;
			sourceTree = "<group>";
		};
		735B16AF22C3EAEE00586180 /* Options */ = {
			isa = PBXGroup;
			children = (
				7325177D22C4F16E00B5C5FC /* Options.swift */,
			);
			path = Options;
			sourceTree = "<group>";
		};
/* End PBXGroup section */

/* Begin PBXNativeTarget section */
		117CFF5922A8643900FDA9DA /* Cubee */ = {
			isa = PBXNativeTarget;
			buildConfigurationList = 117CFF6C22A8643A00FDA9DA /* Build configuration list for PBXNativeTarget "Cubee" */;
			buildPhases = (
				117CFF5622A8643900FDA9DA /* Sources */,
				117CFF5722A8643900FDA9DA /* Frameworks */,
				117CFF5822A8643900FDA9DA /* Resources */,
			);
			buildRules = (
			);
			dependencies = (
			);
			name = Cubee;
			productName = Cubee;
			productReference = 117CFF5A22A8643900FDA9DA /* Cubee.app */;
			productType = "com.apple.product-type.application";
		};
/* End PBXNativeTarget section */

/* Begin PBXProject section */
		117CFF5222A8643900FDA9DA /* Project object */ = {
			isa = PBXProject;
			attributes = {
				LastSwiftUpdateCheck = 1020;
				LastUpgradeCheck = 1020;
				ORGANIZATIONNAME = "Tomasz Kielar";
				TargetAttributes = {
					117CFF5922A8643900FDA9DA = {
						CreatedOnToolsVersion = 10.2.1;
					};
				};
			};
			buildConfigurationList = 117CFF5522A8643900FDA9DA /* Build configuration list for PBXProject "Cubee" */;
			compatibilityVersion = "Xcode 9.3";
			developmentRegion = en;
			hasScannedForEncodings = 0;
			knownRegions = (
				en,
				Base,
			);
			mainGroup = 117CFF5122A8643900FDA9DA;
			productRefGroup = 117CFF5B22A8643900FDA9DA /* Products */;
			projectDirPath = "";
			projectRoot = "";
			targets = (
				117CFF5922A8643900FDA9DA /* Cubee */,
			);
		};
/* End PBXProject section */

/* Begin PBXResourcesBuildPhase section */
		117CFF5822A8643900FDA9DA /* Resources */ = {
			isa = PBXResourcesBuildPhase;
			buildActionMask = 2147483647;
			files = (
				117CFF6822A8643A00FDA9DA /* LaunchScreen.storyboard in Resources */,
				117CFF6522A8643A00FDA9DA /* Assets.xcassets in Resources */,
				117CFF6322A8643900FDA9DA /* Main.storyboard in Resources */,
			);
			runOnlyForDeploymentPostprocessing = 0;
		};
/* End PBXResourcesBuildPhase section */

/* Begin PBXSourcesBuildPhase section */
		117CFF5622A8643900FDA9DA /* Sources */ = {
			isa = PBXSourcesBuildPhase;
			buildActionMask = 2147483647;
			files = (
				73A1D69A22C7F67F00915188 /* reCoulour.swift in Sources */,
				7338E9A822C6C3F800594121 /* ImageResize.swift in Sources */,
				7338E9A422C6527B00594121 /* MenuTabs.swift in Sources */,
				730BACCA22C4AF250082FC85 /* NavigationViewController.swift in Sources */,
				7338E9A222C6522900594121 /* Colors.swift in Sources */,
				117CFF6022A8643900FDA9DA /* ViewController.swift in Sources */,
				117CFF5E22A8643900FDA9DA /* AppDelegate.swift in Sources */,
				730BACCD22C4B1900082FC85 /* Timer.swift in Sources */,
				7325178022C4F18900B5C5FC /* AccountView.swift in Sources */,
				139A2D4622C5044F00337E52 /* ViewControllerExtention.swift in Sources */,
				7325177E22C4F16E00B5C5FC /* Options.swift in Sources */,
				7325178422C5115600B5C5FC /* Menu.swift in Sources */,
				7338E9A622C68BF500594121 /* ResultsCell.swift in Sources */,
				730BACCF22C4B5810082FC85 /* Sorting.swift in Sources */,
				7325178222C4F1B900B5C5FC /* TimesView.swift in Sources */,
				73A1D69822C798EB00915188 /* Circular.swift in Sources */,
				7325178622C5178300B5C5FC /* Cells.swift in Sources */,
			);
			runOnlyForDeploymentPostprocessing = 0;
		};
/* End PBXSourcesBuildPhase section */

/* Begin PBXVariantGroup section */
		117CFF6122A8643900FDA9DA /* Main.storyboard */ = {
			isa = PBXVariantGroup;
			children = (
				117CFF6222A8643900FDA9DA /* Base */,
			);
			name = Main.storyboard;
			sourceTree = "<group>";
		};
		117CFF6622A8643A00FDA9DA /* LaunchScreen.storyboard */ = {
			isa = PBXVariantGroup;
			children = (
				117CFF6722A8643A00FDA9DA /* Base */,
			);
			name = LaunchScreen.storyboard;
			sourceTree = "<group>";
		};
/* End PBXVariantGroup section */

/* Begin XCBuildConfiguration section */
		117CFF6A22A8643A00FDA9DA /* Debug */ = {
			isa = XCBuildConfiguration;
			buildSettings = {
				ALWAYS_SEARCH_USER_PATHS = NO;
				CLANG_ANALYZER_NONNULL = YES;
				CLANG_ANALYZER_NUMBER_OBJECT_CONVERSION = YES_AGGRESSIVE;
				CLANG_CXX_LANGUAGE_STANDARD = "gnu++14";
				CLANG_CXX_LIBRARY = "libc++";
				CLANG_ENABLE_MODULES = YES;
				CLANG_ENABLE_OBJC_ARC = YES;
				CLANG_ENABLE_OBJC_WEAK = YES;
				CLANG_WARN_BLOCK_CAPTURE_AUTORELEASING = YES;
				CLANG_WARN_BOOL_CONVERSION = YES;
				CLANG_WARN_COMMA = YES;
				CLANG_WARN_CONSTANT_CONVERSION = YES;
				CLANG_WARN_DEPRECATED_OBJC_IMPLEMENTATIONS = YES;
				CLANG_WARN_DIRECT_OBJC_ISA_USAGE = YES_ERROR;
				CLANG_WARN_DOCUMENTATION_COMMENTS = YES;
				CLANG_WARN_EMPTY_BODY = YES;
				CLANG_WARN_ENUM_CONVERSION = YES;
				CLANG_WARN_INFINITE_RECURSION = YES;
				CLANG_WARN_INT_CONVERSION = YES;
				CLANG_WARN_NON_LITERAL_NULL_CONVERSION = YES;
				CLANG_WARN_OBJC_IMPLICIT_RETAIN_SELF = YES;
				CLANG_WARN_OBJC_LITERAL_CONVERSION = YES;
				CLANG_WARN_OBJC_ROOT_CLASS = YES_ERROR;
				CLANG_WARN_RANGE_LOOP_ANALYSIS = YES;
				CLANG_WARN_STRICT_PROTOTYPES = YES;
				CLANG_WARN_SUSPICIOUS_MOVE = YES;
				CLANG_WARN_UNGUARDED_AVAILABILITY = YES_AGGRESSIVE;
				CLANG_WARN_UNREACHABLE_CODE = YES;
				CLANG_WARN__DUPLICATE_METHOD_MATCH = YES;
				CODE_SIGN_IDENTITY = "iPhone Developer";
				COPY_PHASE_STRIP = NO;
				DEBUG_INFORMATION_FORMAT = dwarf;
				ENABLE_STRICT_OBJC_MSGSEND = YES;
				ENABLE_TESTABILITY = YES;
				GCC_C_LANGUAGE_STANDARD = gnu11;
				GCC_DYNAMIC_NO_PIC = NO;
				GCC_NO_COMMON_BLOCKS = YES;
				GCC_OPTIMIZATION_LEVEL = 0;
				GCC_PREPROCESSOR_DEFINITIONS = (
					"DEBUG=1",
					"$(inherited)",
				);
				GCC_WARN_64_TO_32_BIT_CONVERSION = YES;
				GCC_WARN_ABOUT_RETURN_TYPE = YES_ERROR;
				GCC_WARN_UNDECLARED_SELECTOR = YES;
				GCC_WARN_UNINITIALIZED_AUTOS = YES_AGGRESSIVE;
				GCC_WARN_UNUSED_FUNCTION = YES;
				GCC_WARN_UNUSED_VARIABLE = YES;
				IPHONEOS_DEPLOYMENT_TARGET = 12.2;
				MTL_ENABLE_DEBUG_INFO = INCLUDE_SOURCE;
				MTL_FAST_MATH = YES;
				ONLY_ACTIVE_ARCH = YES;
				SDKROOT = iphoneos;
				SWIFT_ACTIVE_COMPILATION_CONDITIONS = DEBUG;
				SWIFT_OPTIMIZATION_LEVEL = "-Onone";
			};
			name = Debug;
		};
		117CFF6B22A8643A00FDA9DA /* Release */ = {
			isa = XCBuildConfiguration;
			buildSettings = {
				ALWAYS_SEARCH_USER_PATHS = NO;
				CLANG_ANALYZER_NONNULL = YES;
				CLANG_ANALYZER_NUMBER_OBJECT_CONVERSION = YES_AGGRESSIVE;
				CLANG_CXX_LANGUAGE_STANDARD = "gnu++14";
				CLANG_CXX_LIBRARY = "libc++";
				CLANG_ENABLE_MODULES = YES;
				CLANG_ENABLE_OBJC_ARC = YES;
				CLANG_ENABLE_OBJC_WEAK = YES;
				CLANG_WARN_BLOCK_CAPTURE_AUTORELEASING = YES;
				CLANG_WARN_BOOL_CONVERSION = YES;
				CLANG_WARN_COMMA = YES;
				CLANG_WARN_CONSTANT_CONVERSION = YES;
				CLANG_WARN_DEPRECATED_OBJC_IMPLEMENTATIONS = YES;
				CLANG_WARN_DIRECT_OBJC_ISA_USAGE = YES_ERROR;
				CLANG_WARN_DOCUMENTATION_COMMENTS = YES;
				CLANG_WARN_EMPTY_BODY = YES;
				CLANG_WARN_ENUM_CONVERSION = YES;
				CLANG_WARN_INFINITE_RECURSION = YES;
				CLANG_WARN_INT_CONVERSION = YES;
				CLANG_WARN_NON_LITERAL_NULL_CONVERSION = YES;
				CLANG_WARN_OBJC_IMPLICIT_RETAIN_SELF = YES;
				CLANG_WARN_OBJC_LITERAL_CONVERSION = YES;
				CLANG_WARN_OBJC_ROOT_CLASS = YES_ERROR;
				CLANG_WARN_RANGE_LOOP_ANALYSIS = YES;
				CLANG_WARN_STRICT_PROTOTYPES = YES;
				CLANG_WARN_SUSPICIOUS_MOVE = YES;
				CLANG_WARN_UNGUARDED_AVAILABILITY = YES_AGGRESSIVE;
				CLANG_WARN_UNREACHABLE_CODE = YES;
				CLANG_WARN__DUPLICATE_METHOD_MATCH = YES;
				CODE_SIGN_IDENTITY = "iPhone Developer";
				COPY_PHASE_STRIP = NO;
				DEBUG_INFORMATION_FORMAT = "dwarf-with-dsym";
				ENABLE_NS_ASSERTIONS = NO;
				ENABLE_STRICT_OBJC_MSGSEND = YES;
				GCC_C_LANGUAGE_STANDARD = gnu11;
				GCC_NO_COMMON_BLOCKS = YES;
				GCC_WARN_64_TO_32_BIT_CONVERSION = YES;
				GCC_WARN_ABOUT_RETURN_TYPE = YES_ERROR;
				GCC_WARN_UNDECLARED_SELECTOR = YES;
				GCC_WARN_UNINITIALIZED_AUTOS = YES_AGGRESSIVE;
				GCC_WARN_UNUSED_FUNCTION = YES;
				GCC_WARN_UNUSED_VARIABLE = YES;
				IPHONEOS_DEPLOYMENT_TARGET = 12.2;
				MTL_ENABLE_DEBUG_INFO = NO;
				MTL_FAST_MATH = YES;
				SDKROOT = iphoneos;
				SWIFT_COMPILATION_MODE = wholemodule;
				SWIFT_OPTIMIZATION_LEVEL = "-O";
				VALIDATE_PRODUCT = YES;
			};
			name = Release;
		};
		117CFF6D22A8643A00FDA9DA /* Debug */ = {
			isa = XCBuildConfiguration;
			buildSettings = {
				ASSETCATALOG_COMPILER_APPICON_NAME = AppIcon;
				CODE_SIGN_STYLE = Automatic;
				DEVELOPMENT_TEAM = NK7X5RKWU2;
				INFOPLIST_FILE = Cubee/Info.plist;
				IPHONEOS_DEPLOYMENT_TARGET = 12.1;
				LD_RUNPATH_SEARCH_PATHS = (
					"$(inherited)",
					"@executable_path/Frameworks",
				);
				PRODUCT_BUNDLE_IDENTIFIER = com.bbce.Cubee;
				PRODUCT_NAME = "$(TARGET_NAME)";
				SWIFT_VERSION = 5.0;
				TARGETED_DEVICE_FAMILY = "1,2";
			};
			name = Debug;
		};
		117CFF6E22A8643A00FDA9DA /* Release */ = {
			isa = XCBuildConfiguration;
			buildSettings = {
				ASSETCATALOG_COMPILER_APPICON_NAME = AppIcon;
				CODE_SIGN_STYLE = Automatic;
				DEVELOPMENT_TEAM = NK7X5RKWU2;
				INFOPLIST_FILE = Cubee/Info.plist;
				IPHONEOS_DEPLOYMENT_TARGET = 12.1;
				LD_RUNPATH_SEARCH_PATHS = (
					"$(inherited)",
					"@executable_path/Frameworks",
				);
				PRODUCT_BUNDLE_IDENTIFIER = com.bbce.Cubee;
				PRODUCT_NAME = "$(TARGET_NAME)";
				SWIFT_VERSION = 5.0;
				TARGETED_DEVICE_FAMILY = "1,2";
			};
			name = Release;
		};
/* End XCBuildConfiguration section */

/* Begin XCConfigurationList section */
		117CFF5522A8643900FDA9DA /* Build configuration list for PBXProject "Cubee" */ = {
			isa = XCConfigurationList;
			buildConfigurations = (
				117CFF6A22A8643A00FDA9DA /* Debug */,
				117CFF6B22A8643A00FDA9DA /* Release */,
			);
			defaultConfigurationIsVisible = 0;
			defaultConfigurationName = Release;
		};
		117CFF6C22A8643A00FDA9DA /* Build configuration list for PBXNativeTarget "Cubee" */ = {
			isa = XCConfigurationList;
			buildConfigurations = (
				117CFF6D22A8643A00FDA9DA /* Debug */,
				117CFF6E22A8643A00FDA9DA /* Release */,
			);
			defaultConfigurationIsVisible = 0;
			defaultConfigurationName = Release;
		};
/* End XCConfigurationList section */
	};
	rootObject = 117CFF5222A8643900FDA9DA /* Project object */;
}
